
Microsoft Visual Studio Solution File, Format Version 12.00
Project("{FAE04EC0-301F-11D3-BF4B-00C04F79EFBC}") = "EqualityValidation", "EqualityValidation\EqualityValidation.csproj", "{8BDC514C-6F49-42C5-AE0D-F02BF38BBEC5}"
EndProject
Project("{FAE04EC0-301F-11D3-BF4B-00C04F79EFBC}") = "ConfigValidation", "ConfigValidation\ConfigValidation.csproj", "{16A5E983-486A-455A-BA3B-704B1552F6F6}"
EndProject
Project("{FAE04EC0-301F-11D3-BF4B-00C04F79EFBC}") = "RecordTypes", "RecordTypes\RecordTypes.csproj", "{87FA88F0-3E34-4441-B8F2-D84D57A83AED}"
EndProject
Project("{FAE04EC0-301F-11D3-BF4B-00C04F79EFBC}") = "FixMe", "FixMe\FixMe.csproj", "{705C1A96-33CE-4811-BFB0-8792170558D9}"
EndProject
Project("{FAE04EC0-301F-11D3-BF4B-00C04F79EFBC}") = "StaticData", "StaticData\StaticData.csproj", "{015F35FF-B6CF-4EE2-91D8-0EF09455AC13}"
EndProject
Project("{FAE04EC0-301F-11D3-BF4B-00C04F79EFBC}") = "Collections", "Collections\Collections.csproj", "{10B4320C-F584-4D87-BE65-81685C1D631B}"
EndProject
Project("{FAE04EC0-301F-11D3-BF4B-00C04F79EFBC}") = "Validation", "Validation\Validation.csproj", "{E2A28C6D-C2D1-4B81-B18D-8FD045E99B8E}"
EndProject
Global
	GlobalSection(SolutionConfigurationPlatforms) = preSolution
		Debug|Any CPU = Debug|Any CPU
		Release|Any CPU = Release|Any CPU
	EndGlobalSection
	GlobalSection(ProjectConfigurationPlatforms) = postSolution
		{8BDC514C-6F49-42C5-AE0D-F02BF38BBEC5}.Debug|Any CPU.ActiveCfg = Debug|Any CPU
		{8BDC514C-6F49-42C5-AE0D-F02BF38BBEC5}.Debug|Any CPU.Build.0 = Debug|Any CPU
		{8BDC514C-6F49-42C5-AE0D-F02BF38BBEC5}.Release|Any CPU.ActiveCfg = Release|Any CPU
		{8BDC514C-6F49-42C5-AE0D-F02BF38BBEC5}.Release|Any CPU.Build.0 = Release|Any CPU
		{16A5E983-486A-455A-BA3B-704B1552F6F6}.Debug|Any CPU.ActiveCfg = Debug|Any CPU
		{16A5E983-486A-455A-BA3B-704B1552F6F6}.Debug|Any CPU.Build.0 = Debug|Any CPU
		{16A5E983-486A-455A-BA3B-704B1552F6F6}.Release|Any CPU.ActiveCfg = Release|Any CPU
		{16A5E983-486A-455A-BA3B-704B1552F6F6}.Release|Any CPU.Build.0 = Release|Any CPU
		{87FA88F0-3E34-4441-B8F2-D84D57A83AED}.Debug|Any CPU.ActiveCfg = Debug|Any CPU
		{87FA88F0-3E34-4441-B8F2-D84D57A83AED}.Debug|Any CPU.Build.0 = Debug|Any CPU
		{87FA88F0-3E34-4441-B8F2-D84D57A83AED}.Release|Any CPU.ActiveCfg = Release|Any CPU
		{87FA88F0-3E34-4441-B8F2-D84D57A83AED}.Release|Any CPU.Build.0 = Release|Any CPU
		{705C1A96-33CE-4811-BFB0-8792170558D9}.Debug|Any CPU.ActiveCfg = Debug|Any CPU
		{705C1A96-33CE-4811-BFB0-8792170558D9}.Debug|Any CPU.Build.0 = Debug|Any CPU
		{705C1A96-33CE-4811-BFB0-8792170558D9}.Release|Any CPU.ActiveCfg = Release|Any CPU
		{705C1A96-33CE-4811-BFB0-8792170558D9}.Release|Any CPU.Build.0 = Release|Any CPU
		{015F35FF-B6CF-4EE2-91D8-0EF09455AC13}.Debug|Any CPU.ActiveCfg = Debug|Any CPU
		{015F35FF-B6CF-4EE2-91D8-0EF09455AC13}.Debug|Any CPU.Build.0 = Debug|Any CPU
		{015F35FF-B6CF-4EE2-91D8-0EF09455AC13}.Release|Any CPU.ActiveCfg = Release|Any CPU
		{015F35FF-B6CF-4EE2-91D8-0EF09455AC13}.Release|Any CPU.Build.0 = Release|Any CPU
		{10B4320C-F584-4D87-BE65-81685C1D631B}.Debug|Any CPU.ActiveCfg = Debug|Any CPU
		{10B4320C-F584-4D87-BE65-81685C1D631B}.Debug|Any CPU.Build.0 = Debug|Any CPU
		{10B4320C-F584-4D87-BE65-81685C1D631B}.Release|Any CPU.ActiveCfg = Release|Any CPU
		{10B4320C-F584-4D87-BE65-81685C1D631B}.Release|Any CPU.Build.0 = Release|Any CPU
		{E2A28C6D-C2D1-4B81-B18D-8FD045E99B8E}.Debug|Any CPU.ActiveCfg = Debug|Any CPU
		{E2A28C6D-C2D1-4B81-B18D-8FD045E99B8E}.Debug|Any CPU.Build.0 = Debug|Any CPU
		{E2A28C6D-C2D1-4B81-B18D-8FD045E99B8E}.Release|Any CPU.ActiveCfg = Release|Any CPU
		{E2A28C6D-C2D1-4B81-B18D-8FD045E99B8E}.Release|Any CPU.Build.0 = Release|Any CPU
	EndGlobalSection
EndGlobal
